
Microsoft Visual Studio Solution File, Format Version 12.00
# Visual Studio Version 16
VisualStudioVersion = 16.0.29926.136
MinimumVisualStudioVersion = 10.0.40219.1
Project("{8BC9CEB8-8B4A-11D0-8D11-00A0C91BC942}") = "CS Basics-DoubleLinkedList In C++", "CS Basics-DoubleLinkedList In C++\CS Basics-DoubleLinkedList In C++.vcxproj", "{AB160DD0-83B3-40C9-A94F-D59E6148BE2B}"
EndProject
Global
	GlobalSection(SolutionConfigurationPlatforms) = preSolution
		Debug|x64 = Debug|x64
		Debug|x86 = Debug|x86
		Release|x64 = Release|x64
		Release|x86 = Release|x86
	EndGlobalSection
	GlobalSection(ProjectConfigurationPlatforms) = postSolution
		{AB160DD0-83B3-40C9-A94F-D59E6148BE2B}.Debug|x64.ActiveCfg = Debug|x64
		{AB160DD0-83B3-40C9-A94F-D59E6148BE2B}.Debug|x64.Build.0 = Debug|x64
		{AB160DD0-83B3-40C9-A94F-D59E6148BE2B}.Debug|x86.ActiveCfg = Debug|Win32
		{AB160DD0-83B3-40C9-A94F-D59E6148BE2B}.Debug|x86.Build.0 = Debug|Win32
		{AB160DD0-83B3-40C9-A94F-D59E6148BE2B}.Release|x64.ActiveCfg = Release|x64
		{AB160DD0-83B3-40C9-A94F-D59E6148BE2B}.Release|x64.Build.0 = Release|x64
		{AB160DD0-83B3-40C9-A94F-D59E6148BE2B}.Release|x86.ActiveCfg = Release|Win32
		{AB160DD0-83B3-40C9-A94F-D59E6148BE2B}.Release|x86.Build.0 = Release|Win32
	EndGlobalSection
	GlobalSection(SolutionProperties) = preSolution
		HideSolutionNode = FALSE
	EndGlobalSection
	GlobalSection(ExtensibilityGlobals) = postSolution
		SolutionGuid = {C7B3FA76-7DE4-4B13-87D4-DCA4F4A9FF03}
	EndGlobalSection
EndGlobal
